{
  "name": "demo-lsystem",
  "version": "1.0.0",
  "lockfileVersion": 2,
  "requires": true,
  "packages": {
    "": {
      "name": "demo-lsystem",
      "version": "1.0.0",
      "license": "MIT",
      "dependencies": {
        "@mitchallen/lsystem": "^0.9.0",
        "@mitchallen/pen-svg": "^0.2.7",
        "@mitchallen/pen-turtle": "^0.8.0"
      }
    },
    "node_modules/@mitchallen/demand": {
      "version": "0.1.3",
      "resolved": "https://registry.npmjs.org/@mitchallen/demand/-/demand-0.1.3.tgz",
      "integrity": "sha512-cQhy04HDaGt+W9FmO3+EiiRKcpZ5QbnbhhZwwx5QyxKvDxmRGlx4LD7fQQhiB1ZXpgKCuF7fbSEksOM++QcjSw=="
    },
    "node_modules/@mitchallen/factory-base": {
      "version": "0.1.0",
      "resolved": "https://registry.npmjs.org/@mitchallen/factory-base/-/factory-base-0.1.0.tgz",
      "integrity": "sha512-TNh6KXq4IkKBbXLqv3t8/RyWUQTgxGlmmn3R6q4mFbYtlvjj91zzYtSaeXkOgk5Hau/Hz3MSKug6iUW8jEqskw=="
    },
    "node_modules/@mitchallen/fuse-svg-path": {
      "version": "0.1.4",
      "resolved": "https://registry.npmjs.org/@mitchallen/fuse-svg-path/-/fuse-svg-path-0.1.4.tgz",
      "integrity": "sha512-3O6nz0QQmS//qwZbMV6XgwDU4TgLK2ZOS1TZPkZhkQJ7mNhvpED2eo2pWDfHSw3EDayEG1QQsJ56JLSI1lLiGQ==",
      "dependencies": {
        "@mitchallen/factory-base": "0.1.0"
      }
    },
    "node_modules/@mitchallen/lsystem": {
      "version": "0.9.0",
      "resolved": "https://registry.npmjs.org/@mitchallen/lsystem/-/lsystem-0.9.0.tgz",
      "integrity": "sha512-70vbdkgcUtVXWT1JcyW+a/9uOkj2TEUxn3OlqlY/X+G2IJ2kX2FzH+Wc0nOXFeRMGrr0gzMeoybsTZQ8H6K8kA==",
      "dependencies": {
        "@mitchallen/pen-turtle": "^0.8.0"
      }
    },
    "node_modules/@mitchallen/pen": {
      "version": "0.2.6",
      "resolved": "https://registry.npmjs.org/@mitchallen/pen/-/pen-0.2.6.tgz",
      "integrity": "sha512-gw4jtqUvQJKdrFoIZPuhLBp+HnQTjhUW8nj8v2ULV9ZaoKyhCT7cZIUglWHHOXjeJh6KB8XhCeJP3ylM7KrUMA==",
      "dependencies": {
        "@mitchallen/factory-base": "0.1.0"
      }
    },
    "node_modules/@mitchallen/pen-svg": {
      "version": "0.2.7",
      "resolved": "https://registry.npmjs.org/@mitchallen/pen-svg/-/pen-svg-0.2.7.tgz",
      "integrity": "sha512-xeB2bbOKfSpvcf0IwxUcGtvLo5ftdAAsul8BlEDHAhzAFS4AeJEX8f2LTp5UPKvLrxq6dDh4cS5TKGR6M2KrHQ==",
      "dependencies": {
        "@mitchallen/demand": "^0.1.3",
        "@mitchallen/factory-base": "0.1.0",
        "@mitchallen/fuse-svg-path": "^0.1.4",
        "@mitchallen/pen": "^0.2.6",
        "chance": "^1.1.8"
      }
    },
    "node_modules/@mitchallen/pen-turtle": {
      "version": "0.8.0",
      "resolved": "https://registry.npmjs.org/@mitchallen/pen-turtle/-/pen-turtle-0.8.0.tgz",
      "integrity": "sha512-d/RoFrnWVnQRhzrpzdKgXQaJu8Y/GHggPhNPQQvbhzTXU0/JrSDPFgvzKxHkB7KCYY154KKDOBtr5nGaq7U0sg=="
    },
    "node_modules/chance": {
      "version": "1.1.11",
      "resolved": "https://registry.npmjs.org/chance/-/chance-1.1.11.tgz",
      "integrity": "sha512-kqTg3WWywappJPqtgrdvbA380VoXO2eu9VCV895JgbyHsaErXdyHK9LOZ911OvAk6L0obK7kDk9CGs8+oBawVA=="
    }
  },
  "dependencies": {
    "@mitchallen/demand": {
      "version": "0.1.3",
      "resolved": "https://registry.npmjs.org/@mitchallen/demand/-/demand-0.1.3.tgz",
      "integrity": "sha512-cQhy04HDaGt+W9FmO3+EiiRKcpZ5QbnbhhZwwx5QyxKvDxmRGlx4LD7fQQhiB1ZXpgKCuF7fbSEksOM++QcjSw=="
    },
    "@mitchallen/factory-base": {
      "version": "0.1.0",
      "resolved": "https://registry.npmjs.org/@mitchallen/factory-base/-/factory-base-0.1.0.tgz",
      "integrity": "sha512-TNh6KXq4IkKBbXLqv3t8/RyWUQTgxGlmmn3R6q4mFbYtlvjj91zzYtSaeXkOgk5Hau/Hz3MSKug6iUW8jEqskw=="
    },
    "@mitchallen/fuse-svg-path": {
      "version": "0.1.4",
      "resolved": "https://registry.npmjs.org/@mitchallen/fuse-svg-path/-/fuse-svg-path-0.1.4.tgz",
      "integrity": "sha512-3O6nz0QQmS//qwZbMV6XgwDU4TgLK2ZOS1TZPkZhkQJ7mNhvpED2eo2pWDfHSw3EDayEG1QQsJ56JLSI1lLiGQ==",
      "requires": {
        "@mitchallen/factory-base": "0.1.0"
      }
    },
    "@mitchallen/lsystem": {
      "version": "0.9.0",
      "resolved": "https://registry.npmjs.org/@mitchallen/lsystem/-/lsystem-0.9.0.tgz",
      "integrity": "sha512-70vbdkgcUtVXWT1JcyW+a/9uOkj2TEUxn3OlqlY/X+G2IJ2kX2FzH+Wc0nOXFeRMGrr0gzMeoybsTZQ8H6K8kA==",
      "requires": {
        "@mitchallen/pen-turtle": "^0.8.0"
      }
    },
    "@mitchallen/pen": {
      "version": "0.2.6",
      "resolved": "https://registry.npmjs.org/@mitchallen/pen/-/pen-0.2.6.tgz",
      "integrity": "sha512-gw4jtqUvQJKdrFoIZPuhLBp+HnQTjhUW8nj8v2ULV9ZaoKyhCT7cZIUglWHHOXjeJh6KB8XhCeJP3ylM7KrUMA==",
      "requires": {
        "@mitchallen/factory-base": "0.1.0"
      }
    },
    "@mitchallen/pen-svg": {
      "version": "0.2.7",
      "resolved": "https://registry.npmjs.org/@mitchallen/pen-svg/-/pen-svg-0.2.7.tgz",
      "integrity": "sha512-xeB2bbOKfSpvcf0IwxUcGtvLo5ftdAAsul8BlEDHAhzAFS4AeJEX8f2LTp5UPKvLrxq6dDh4cS5TKGR6M2KrHQ==",
      "requires": {
        "@mitchallen/demand": "^0.1.3",
        "@mitchallen/factory-base": "0.1.0",
        "@mitchallen/fuse-svg-path": "^0.1.4",
        "@mitchallen/pen": "^0.2.6",
        "chance": "^1.1.8"
      }
    },
    "@mitchallen/pen-turtle": {
      "version": "0.8.0",
      "resolved": "https://registry.npmjs.org/@mitchallen/pen-turtle/-/pen-turtle-0.8.0.tgz",
      "integrity": "sha512-d/RoFrnWVnQRhzrpzdKgXQaJu8Y/GHggPhNPQQvbhzTXU0/JrSDPFgvzKxHkB7KCYY154KKDOBtr5nGaq7U0sg=="
    },
    "chance": {
      "version": "1.1.11",
      "resolved": "https://registry.npmjs.org/chance/-/chance-1.1.11.tgz",
      "integrity": "sha512-kqTg3WWywappJPqtgrdvbA380VoXO2eu9VCV895JgbyHsaErXdyHK9LOZ911OvAk6L0obK7kDk9CGs8+oBawVA=="
    }
  }
}
