{
  "name": "demo-lsystem",
  "version": "1.0.0",
  "lockfileVersion": 3,
  "requires": true,
  "packages": {
    "": {
      "name": "demo-lsystem",
      "version": "1.0.0",
      "license": "MIT",
      "dependencies": {
        "@mitchallen/lsystem": "^0.25.12",
        "@mitchallen/pen-svg-v2": "^0.3.2",
        "@mitchallen/pen-turtle": "^0.33.4"
      }
    },
    "node_modules/@mitchallen/demand-v2": {
      "version": "0.2.3",
      "resolved": "https://npm.pkg.github.com/download/@mitchallen/demand-v2/0.2.3/d49a867a031243c87da56334af024c3f01f6a17e",
      "integrity": "sha512-9L+nbbn4S7VY9uq2pPb7GWq3INPsDNC0HfJ/V/JA7zCPPu9OK7oP+5RH6Lsp9OmKq9VritXEN5lJlaaBdyBtTQ==",
      "license": "ISC",
      "engines": {
        "node": ">=18"
      }
    },
    "node_modules/@mitchallen/fuse-svg-path-v2": {
      "version": "0.2.3",
      "resolved": "https://npm.pkg.github.com/download/@mitchallen/fuse-svg-path-v2/0.2.3/5d96fdb035aabce82c0baaca10c268bb9b7d15ab",
      "integrity": "sha512-oaXz9NFhoSLSCUQnBRDBLsljGPa1E3tnZ3tvIl9AlNkaQ1eRJ6RvCAGSTWOdcgBPthLAIUkhB7ttW4N3UOgVKA==",
      "license": "ISC",
      "engines": {
        "node": ">=18"
      }
    },
    "node_modules/@mitchallen/lsystem": {
      "version": "0.25.12",
      "resolved": "https://npm.pkg.github.com/download/@mitchallen/lsystem/0.25.12/ec5b19ceafaeb4e635d85bdb4ca0682c6ab694f8",
      "integrity": "sha512-krUfyYmFKhcddr4Gwwbqo4vnFukZBS13+fjUKusL17K/2aZKPRe+NnaOUMmgdg/75qzKEQpLBec0PJd0aRWL8Q==",
      "license": "MIT",
      "dependencies": {
        "@mitchallen/pen-turtle": "^0.33.1"
      }
    },
    "node_modules/@mitchallen/pen-svg-v2": {
      "version": "0.3.2",
      "resolved": "https://npm.pkg.github.com/download/@mitchallen/pen-svg-v2/0.3.2/4604270cd43a7790e87c53566bc2ae0002e3f326",
      "integrity": "sha512-aFxq6E0ffGgIpMVEOpA1lnIvtrZdmbBjNKjWlVjwToH5MIwvJalb8DRyeAxVKwCiBNofQpHBAQAOAln28MJ5Mg==",
      "license": "MIT",
      "dependencies": {
        "@mitchallen/demand-v2": "^0.2.0",
        "@mitchallen/fuse-svg-path-v2": "^0.2.0"
      },
      "engines": {
        "node": ">=18"
      },
      "peerDependencies": {
        "@mitchallen/pen-v2": "^0.3.0"
      }
    },
    "node_modules/@mitchallen/pen-turtle": {
      "version": "0.33.4",
      "resolved": "https://npm.pkg.github.com/download/@mitchallen/pen-turtle/0.33.4/afea94a4653876e14dbc4352345f174e7eef924f",
      "integrity": "sha512-ZAoudx4YReFNPXgIjp0lDygZcXIy1m1D8LwqeWGV3LVs1OCQ31XNk3POmHOYCaTS4xULDhwajxaBlcPmNc2k4g==",
      "license": "MIT"
    },
    "node_modules/@mitchallen/pen-v2": {
      "version": "0.3.2",
      "resolved": "https://npm.pkg.github.com/download/@mitchallen/pen-v2/0.3.2/2db149b215e4fd65702a88bf122a9d640a389aac",
      "integrity": "sha512-hbdfnsyR++XcRqo0A2vKNwXQ1Bmc6nMpOWjHwMKI6ppV0d+G6Rl3rB3h487hZLR703t3I5jYJjA6Q//7a0hvXw==",
      "license": "MIT",
      "peer": true,
      "engines": {
        "node": ">=18"
      }
    }
  }
}
